{
  "requires": true,
  "lockfileVersion": 1,
  "dependencies": {
    "@types/node": {
      "version": "16.7.2",
      "resolved": "https://registry.npmjs.org/@types/node/-/node-16.7.2.tgz",
      "integrity": "sha512-TbG4TOx9hng8FKxaVrCisdaxKxqEwJ3zwHoCWXZ0Jw6mnvTInpaB99/2Cy4+XxpXtjNv9/TgfGSvZFyfV/t8Fw=="
    },
    "any-promise": {
      "version": "1.3.0",
      "resolved": "https://registry.npmjs.org/any-promise/-/any-promise-1.3.0.tgz",
      "integrity": "sha1-q8av7tzqUugJzcA3au0845Y10X8="
    },
    "debug": {
      "version": "4.3.2",
      "resolved": "https://registry.npmjs.org/debug/-/debug-4.3.2.tgz",
      "integrity": "sha512-mOp8wKcvj7XxC78zLgw/ZA+6TSgkoE2C/ienthhRD298T7UNwAg9diBpLRxC0mOezLl4B0xV7M0cCO6P/O0Xhw==",
      "requires": {
        "ms": "2.1.2"
      }
    },
    "dottie": {
      "version": "2.0.2",
      "resolved": "https://registry.npmjs.org/dottie/-/dottie-2.0.2.tgz",
      "integrity": "sha512-fmrwR04lsniq/uSr8yikThDTrM7epXHBAAjH9TbeH3rEA8tdCO7mRzB9hdmdGyJCxF8KERo9CITcm3kGuoyMhg=="
    },
    "inflection": {
      "version": "1.13.1",
      "resolved": "https://registry.npmjs.org/inflection/-/inflection-1.13.1.tgz",
      "integrity": "sha512-dldYtl2WlN0QDkIDtg8+xFwOS2Tbmp12t1cHa5/YClU6ZQjTFm7B66UcVbh9NQB+HvT5BAd2t5+yKsBkw5pcqA=="
    },
    "lodash": {
      "version": "4.17.21",
      "resolved": "https://registry.npmjs.org/lodash/-/lodash-4.17.21.tgz",
      "integrity": "sha512-v2kDEe57lecTulaDIuNTPy3Ry4gLGJ6Z1O3vE1krgXZNrsQ+LFTGHVxVjcXPs17LhbZVGedAJv8XZ1tvj5FvSg=="
    },
    "lru-cache": {
      "version": "6.0.0",
      "resolved": "https://registry.npmjs.org/lru-cache/-/lru-cache-6.0.0.tgz",
      "integrity": "sha512-Jo6dJ04CmSjuznwJSS3pUeWmd/H0ffTlkXXgwZi+eq1UCmqQwCh+eLsYOYCwY991i2Fah4h1BEMCx4qThGbsiA==",
      "requires": {
        "yallist": "^4.0.0"
      }
    },
    "moment": {
      "version": "2.29.1",
      "resolved": "https://registry.npmjs.org/moment/-/moment-2.29.1.tgz",
      "integrity": "sha512-kHmoybcPV8Sqy59DwNDY3Jefr64lK/by/da0ViFcuA4DH0vQg5Q6Ze5VimxkfQNSC+Mls/Kx53s7TjP1RhFEDQ=="
    },
    "moment-timezone": {
      "version": "0.5.33",
      "resolved": "https://registry.npmjs.org/moment-timezone/-/moment-timezone-0.5.33.tgz",
      "integrity": "sha512-PTc2vcT8K9J5/9rDEPe5czSIKgLoGsH8UNpA4qZTVw0Vd/Uz19geE9abbIOQKaAQFcnQ3v5YEXrbSc5BpshH+w==",
      "requires": {
        "moment": ">= 2.9.0"
      }
    },
    "ms": {
      "version": "2.1.2",
      "resolved": "https://registry.npmjs.org/ms/-/ms-2.1.2.tgz",
      "integrity": "sha512-sGkPx+VjMtmA6MX27oA4FBFELFCZZ4S4XqeGOXCv68tT+jb3vk/RyaKWP0PTKyWtmLSM0b+adUTEvbs1PEaH2w=="
    },
    "retry-as-promised": {
      "version": "3.2.0",
      "resolved": "https://registry.npmjs.org/retry-as-promised/-/retry-as-promised-3.2.0.tgz",
      "integrity": "sha512-CybGs60B7oYU/qSQ6kuaFmRd9sTZ6oXSc0toqePvV74Ac6/IFZSI1ReFQmtCN+uvW1Mtqdwpvt/LGOiCBAY2Mg==",
      "requires": {
        "any-promise": "^1.3.0"
      }
    },
    "semver": {
      "version": "7.3.5",
      "resolved": "https://registry.npmjs.org/semver/-/semver-7.3.5.tgz",
      "integrity": "sha512-PoeGJYh8HK4BTO/a9Tf6ZG3veo/A7ZVsYrSA6J8ny9nb3B1VrpkuN+z9OE5wfE5p6H4LchYZsegiQgbJD94ZFQ==",
      "requires": {
        "lru-cache": "^6.0.0"
      }
    },
    "sequelize": {
      "version": "6.6.5",
      "resolved": "https://registry.npmjs.org/sequelize/-/sequelize-6.6.5.tgz",
      "integrity": "sha512-QyRrJrDRiwuiILqTMHUA1yWOPIL12KlfmgZ3hnzQwbMvp2vJ6fzu9bYJQB+qPMosck4mBUggY4Cjoc6Et8FBIQ==",
      "requires": {
        "debug": "^4.1.1",
        "dottie": "^2.0.0",
        "inflection": "1.13.1",
        "lodash": "^4.17.20",
        "moment": "^2.26.0",
        "moment-timezone": "^0.5.31",
        "retry-as-promised": "^3.2.0",
        "semver": "^7.3.2",
        "sequelize-pool": "^6.0.0",
        "toposort-class": "^1.0.1",
        "uuid": "^8.1.0",
        "validator": "^13.6.0",
        "wkx": "^0.5.0"
      }
    },
    "sequelize-pool": {
      "version": "6.1.0",
      "resolved": "https://registry.npmjs.org/sequelize-pool/-/sequelize-pool-6.1.0.tgz",
      "integrity": "sha512-4YwEw3ZgK/tY/so+GfnSgXkdwIJJ1I32uZJztIEgZeAO6HMgj64OzySbWLgxj+tXhZCJnzRfkY9gINw8Ft8ZMg=="
    },
    "toposort-class": {
      "version": "1.0.1",
      "resolved": "https://registry.npmjs.org/toposort-class/-/toposort-class-1.0.1.tgz",
      "integrity": "sha1-f/0feMi+KMO6Rc1OGj9e4ZO9mYg="
    },
    "uuid": {
      "version": "8.3.2",
      "resolved": "https://registry.npmjs.org/uuid/-/uuid-8.3.2.tgz",
      "integrity": "sha512-+NYs2QeMWy+GWFOEm9xnn6HCDp0l7QBD7ml8zLUmJ+93Q5NF0NocErnwkTkXVFNiX3/fpC6afS8Dhb/gz7R7eg=="
    },
    "validator": {
      "version": "13.6.0",
      "resolved": "https://registry.npmjs.org/validator/-/validator-13.6.0.tgz",
      "integrity": "sha512-gVgKbdbHgtxpRyR8K0O6oFZPhhB5tT1jeEHZR0Znr9Svg03U0+r9DXWMrnRAB+HtCStDQKlaIZm42tVsVjqtjg=="
    },
    "wkx": {
      "version": "0.5.0",
      "resolved": "https://registry.npmjs.org/wkx/-/wkx-0.5.0.tgz",
      "integrity": "sha512-Xng/d4Ichh8uN4l0FToV/258EjMGU9MGcA0HV2d9B/ZpZB3lqQm7nkOdZdm5GhKtLLhAE7PiVQwN4eN+2YJJUg==",
      "requires": {
        "@types/node": "*"
      }
    },
    "yallist": {
      "version": "4.0.0",
      "resolved": "https://registry.npmjs.org/yallist/-/yallist-4.0.0.tgz",
      "integrity": "sha512-3wdGidZyq5PB084XLES5TpOSRA3wjXAlIWMhum2kRcv/41Sn2emQ0dycQW4uZXLejwKvg6EsvbdlVL+FYEct7A=="
    }
  }
}
